
Microsoft Visual Studio Solution File, Format Version 12.00
# Visual Studio Version 17
VisualStudioVersion = 17.5.002.0
MinimumVisualStudioVersion = 10.0.40219.1
Project("{9A19103F-16F7-4668-BE54-9A1E7A4F7556}") = "Proje", "Proje.csproj", "{3E42F122-C780-4C15-B8CF-3EFC7B15DE7C}"
EndProject
Project("{FAE04EC0-301F-11D3-BF4B-00C04F79EFBC}") = "Entities", "Entities\Entities.csproj", "{1885448B-9646-42E8-BBD1-000A4340EB5D}"
EndProject
Project("{FAE04EC0-301F-11D3-BF4B-00C04F79EFBC}") = "Repositories", "Repositories\Repositories.csproj", "{D364B634-8B88-45AB-979B-F85F5473FB78}"
EndProject
Project("{FAE04EC0-301F-11D3-BF4B-00C04F79EFBC}") = "Services", "Services\Services.csproj", "{BEE3EC5A-6C44-44B7-A0D7-47FADD86819A}"
EndProject
Global
	GlobalSection(SolutionConfigurationPlatforms) = preSolution
		Debug|Any CPU = Debug|Any CPU
		Release|Any CPU = Release|Any CPU
	EndGlobalSection
	GlobalSection(ProjectConfigurationPlatforms) = postSolution
		{3E42F122-C780-4C15-B8CF-3EFC7B15DE7C}.Debug|Any CPU.ActiveCfg = Debug|Any CPU
		{3E42F122-C780-4C15-B8CF-3EFC7B15DE7C}.Debug|Any CPU.Build.0 = Debug|Any CPU
		{3E42F122-C780-4C15-B8CF-3EFC7B15DE7C}.Release|Any CPU.ActiveCfg = Release|Any CPU
		{3E42F122-C780-4C15-B8CF-3EFC7B15DE7C}.Release|Any CPU.Build.0 = Release|Any CPU
		{1885448B-9646-42E8-BBD1-000A4340EB5D}.Debug|Any CPU.ActiveCfg = Debug|Any CPU
		{1885448B-9646-42E8-BBD1-000A4340EB5D}.Debug|Any CPU.Build.0 = Debug|Any CPU
		{1885448B-9646-42E8-BBD1-000A4340EB5D}.Release|Any CPU.ActiveCfg = Release|Any CPU
		{1885448B-9646-42E8-BBD1-000A4340EB5D}.Release|Any CPU.Build.0 = Release|Any CPU
		{D364B634-8B88-45AB-979B-F85F5473FB78}.Debug|Any CPU.ActiveCfg = Debug|Any CPU
		{D364B634-8B88-45AB-979B-F85F5473FB78}.Debug|Any CPU.Build.0 = Debug|Any CPU
		{D364B634-8B88-45AB-979B-F85F5473FB78}.Release|Any CPU.ActiveCfg = Release|Any CPU
		{D364B634-8B88-45AB-979B-F85F5473FB78}.Release|Any CPU.Build.0 = Release|Any CPU
		{BEE3EC5A-6C44-44B7-A0D7-47FADD86819A}.Debug|Any CPU.ActiveCfg = Debug|Any CPU
		{BEE3EC5A-6C44-44B7-A0D7-47FADD86819A}.Debug|Any CPU.Build.0 = Debug|Any CPU
		{BEE3EC5A-6C44-44B7-A0D7-47FADD86819A}.Release|Any CPU.ActiveCfg = Release|Any CPU
		{BEE3EC5A-6C44-44B7-A0D7-47FADD86819A}.Release|Any CPU.Build.0 = Release|Any CPU
	EndGlobalSection
	GlobalSection(SolutionProperties) = preSolution
		HideSolutionNode = FALSE
	EndGlobalSection
	GlobalSection(ExtensibilityGlobals) = postSolution
		SolutionGuid = {718904E0-BFA1-4F3D-936F-6433F885FA72}
	EndGlobalSection
EndGlobal
